
Microsoft Visual Studio Solution File, Format Version 12.00
# Visual Studio Version 17
VisualStudioVersion = 17.7.34221.43
MinimumVisualStudioVersion = 10.0.40219.1
Project("{9A19103F-16F7-4668-BE54-9A1E7A4F7556}") = "Stock_Back", "Stock_Back\Stock_Back.csproj", "{EBC1F05A-6D00-4C39-B02A-C6166BF55214}"
EndProject
Project("{9A19103F-16F7-4668-BE54-9A1E7A4F7556}") = "Stock_Back.BLL", "Stock_Back.BLL\Stock_Back.BLL.csproj", "{3347CD3A-BFBB-4378-AF05-8775FF828D68}"
EndProject
Project("{9A19103F-16F7-4668-BE54-9A1E7A4F7556}") = "Stock_Back.DAL", "Stock_Back.DAL\Stock_Back.DAL.csproj", "{ADF64F32-42FF-40D0-8F91-D846CF3728E8}"
EndProject
Global
	GlobalSection(SolutionConfigurationPlatforms) = preSolution
		Debug|Any CPU = Debug|Any CPU
		Release|Any CPU = Release|Any CPU
	EndGlobalSection
	GlobalSection(ProjectConfigurationPlatforms) = postSolution
		{EBC1F05A-6D00-4C39-B02A-C6166BF55214}.Debug|Any CPU.ActiveCfg = Debug|Any CPU
		{EBC1F05A-6D00-4C39-B02A-C6166BF55214}.Debug|Any CPU.Build.0 = Debug|Any CPU
		{EBC1F05A-6D00-4C39-B02A-C6166BF55214}.Release|Any CPU.ActiveCfg = Release|Any CPU
		{EBC1F05A-6D00-4C39-B02A-C6166BF55214}.Release|Any CPU.Build.0 = Release|Any CPU
		{3347CD3A-BFBB-4378-AF05-8775FF828D68}.Debug|Any CPU.ActiveCfg = Debug|Any CPU
		{3347CD3A-BFBB-4378-AF05-8775FF828D68}.Debug|Any CPU.Build.0 = Debug|Any CPU
		{3347CD3A-BFBB-4378-AF05-8775FF828D68}.Release|Any CPU.ActiveCfg = Release|Any CPU
		{3347CD3A-BFBB-4378-AF05-8775FF828D68}.Release|Any CPU.Build.0 = Release|Any CPU
		{ADF64F32-42FF-40D0-8F91-D846CF3728E8}.Debug|Any CPU.ActiveCfg = Debug|Any CPU
		{ADF64F32-42FF-40D0-8F91-D846CF3728E8}.Debug|Any CPU.Build.0 = Debug|Any CPU
		{ADF64F32-42FF-40D0-8F91-D846CF3728E8}.Release|Any CPU.ActiveCfg = Release|Any CPU
		{ADF64F32-42FF-40D0-8F91-D846CF3728E8}.Release|Any CPU.Build.0 = Release|Any CPU
	EndGlobalSection
	GlobalSection(SolutionProperties) = preSolution
		HideSolutionNode = FALSE
	EndGlobalSection
	GlobalSection(ExtensibilityGlobals) = postSolution
		SolutionGuid = {D78FA235-59F2-4FC8-A130-55A162E3099F}
	EndGlobalSection
EndGlobal
