
Microsoft Visual Studio Solution File, Format Version 12.00
# Visual Studio Version 17
VisualStudioVersion = 17.7.34221.43
MinimumVisualStudioVersion = 10.0.40219.1
Project("{9A19103F-16F7-4668-BE54-9A1E7A4F7556}") = "Stock-Back", "Stock-Back\Stock-Back.csproj", "{F4ABB428-786B-45C4-B1DE-1BC46CB8E802}"
EndProject
Global
	GlobalSection(SolutionConfigurationPlatforms) = preSolution
		Debug|Any CPU = Debug|Any CPU
		Release|Any CPU = Release|Any CPU
	EndGlobalSection
	GlobalSection(ProjectConfigurationPlatforms) = postSolution
		{F4ABB428-786B-45C4-B1DE-1BC46CB8E802}.Debug|Any CPU.ActiveCfg = Debug|Any CPU
		{F4ABB428-786B-45C4-B1DE-1BC46CB8E802}.Debug|Any CPU.Build.0 = Debug|Any CPU
		{F4ABB428-786B-45C4-B1DE-1BC46CB8E802}.Release|Any CPU.ActiveCfg = Release|Any CPU
		{F4ABB428-786B-45C4-B1DE-1BC46CB8E802}.Release|Any CPU.Build.0 = Release|Any CPU
	EndGlobalSection
	GlobalSection(SolutionProperties) = preSolution
		HideSolutionNode = FALSE
	EndGlobalSection
	GlobalSection(ExtensibilityGlobals) = postSolution
		SolutionGuid = {D78FA235-59F2-4FC8-A130-55A162E3099F}
	EndGlobalSection
EndGlobal
